<?xml version="1.0" encoding="utf-8"?>
<Project ToolsVersion="4.0" xmlns="http://schemas.microsoft.com/developer/msbuild/2003">
  <ItemGroup>
    <Filter Include="헤더 파일">
      <UniqueIdentifier>{93995380-89BD-4b04-88EB-625FBE52EBFB}</UniqueIdentifier>
      <Extensions>h;hh;hpp;hxx;h++;hm;inl;inc;ipp;xsd</Extensions>
    </Filter>
    <Filter Include="리소스 파일">
      <UniqueIdentifier>{67DA6AB6-F800-4c08-8B7A-83BB121AAD01}</UniqueIdentifier>
      <Extensions>rc;ico;cur;bmp;dlg;rc2;rct;bin;rgs;gif;jpg;jpeg;jpe;resx;tiff;tif;png;wav;mfcribbon-ms</Extensions>
    </Filter>
    <Filter Include="Framework">
      <UniqueIdentifier>{baaf2135-8b87-4231-8135-644cb13decc8}</UniqueIdentifier>
    </Filter>
    <Filter Include="소스 파일">
      <UniqueIdentifier>{4FC737F1-C7A5-4376-A066-2A32D752A2FF}</UniqueIdentifier>
      <Extensions>cpp;c;cc;cxx;c++;cppm;ixx;def;odl;idl;hpj;bat;asm;asmx</Extensions>
    </Filter>
  </ItemGroup>
  <ItemGroup>
    <ClInclude Include="Framework\SpriteGo.h">
      <Filter>Framework</Filter>
    </ClInclude>
    <ClInclude Include="Framework\stdafx.h">
      <Filter>Framework</Filter>
    </ClInclude>
    <ClInclude Include="Framework\TextGo.h">
      <Filter>Framework</Filter>
    </ClInclude>
    <ClInclude Include="Framework\Utils.h">
      <Filter>Framework</Filter>
    </ClInclude>
    <ClInclude Include="Framework\Variables.h">
      <Filter>Framework</Filter>
    </ClInclude>
    <ClInclude Include="Framework\Defines.h">
      <Filter>Framework</Filter>
    </ClInclude>
    <ClInclude Include="Framework\Framework.h">
      <Filter>Framework</Filter>
    </ClInclude>
    <ClInclude Include="Framework\GameObject.h">
      <Filter>Framework</Filter>
    </ClInclude>
    <ClInclude Include="Framework\HitBox.h">
      <Filter>Framework</Filter>
    </ClInclude>
    <ClInclude Include="Framework\InputMgr.h">
      <Filter>Framework</Filter>
    </ClInclude>
    <ClInclude Include="Framework\json.hpp">
      <Filter>Framework</Filter>
    </ClInclude>
    <ClInclude Include="Framework\ObjectPool.h">
      <Filter>Framework</Filter>
    </ClInclude>
    <ClInclude Include="Framework\ResourceMgr.h">
      <Filter>Framework</Filter>
    </ClInclude>
    <ClInclude Include="Framework\Scene.h">
      <Filter>Framework</Filter>
    </ClInclude>
    <ClInclude Include="Framework\SceneMgr.h">
      <Filter>Framework</Filter>
    </ClInclude>
    <ClInclude Include="Framework\Singleton.h">
      <Filter>Framework</Filter>
    </ClInclude>
    <ClInclude Include="Framework\SoundMgr.h">
      <Filter>Framework</Filter>
    </ClInclude>
    <ClInclude Include="Tilemap.h">
      <Filter>헤더 파일</Filter>
    </ClInclude>
    <ClInclude Include="Framework\SceneDev2.h">
      <Filter>Framework</Filter>
    </ClInclude>
    <ClInclude Include="Tank.h">
      <Filter>헤더 파일</Filter>
    </ClInclude>
    <ClInclude Include="Enemy.h">
      <Filter>헤더 파일</Filter>
    </ClInclude>
    <ClInclude Include="Bullet.h">
      <Filter>헤더 파일</Filter>
    </ClInclude>
    <ClInclude Include="Framework\SceneDev1.h">
      <Filter>Framework</Filter>
    </ClInclude>
    <ClInclude Include="UiHud.h">
      <Filter>헤더 파일</Filter>
    </ClInclude>
    <ClInclude Include="Button.h">
      <Filter>헤더 파일</Filter>
    </ClInclude>
    <ClInclude Include="AnimationClip.h">
      <Filter>헤더 파일</Filter>
    </ClInclude>
    <ClInclude Include="Animator.h">
      <Filter>헤더 파일</Filter>
    </ClInclude>
    <ClInclude Include="EnemyDie.h">
      <Filter>헤더 파일</Filter>
    </ClInclude>
    <ClInclude Include="SceneStart.h">
      <Filter>Framework</Filter>
    </ClInclude>
    <ClInclude Include="UiStart.h">
      <Filter>헤더 파일</Filter>
    </ClInclude>
    <ClInclude Include="UiEnd.h">
      <Filter>헤더 파일</Filter>
    </ClInclude>
    <ClInclude Include="UiBackGround.h">
      <Filter>헤더 파일</Filter>
    </ClInclude>
    <ClInclude Include="BossEnemy.h">
      <Filter>헤더 파일</Filter>
    </ClInclude>
  </ItemGroup>
  <ItemGroup>
    <ClCompile Include="Framework\stdafx.cpp">
      <Filter>Framework</Filter>
    </ClCompile>
    <ClCompile Include="Framework\TextGo.cpp">
      <Filter>Framework</Filter>
    </ClCompile>
    <ClCompile Include="Framework\Utils.cpp">
      <Filter>Framework</Filter>
    </ClCompile>
    <ClCompile Include="Framework\Variables.cpp">
      <Filter>Framework</Filter>
    </ClCompile>
    <ClCompile Include="Framework\Framework.cpp">
      <Filter>Framework</Filter>
    </ClCompile>
    <ClCompile Include="Framework\GameObject.cpp">
      <Filter>Framework</Filter>
    </ClCompile>
    <ClCompile Include="Framework\HitBox.cpp">
      <Filter>Framework</Filter>
    </ClCompile>
    <ClCompile Include="Framework\InputMgr.cpp">
      <Filter>Framework</Filter>
    </ClCompile>
    <ClCompile Include="Framework\main.cpp">
      <Filter>Framework</Filter>
    </ClCompile>
    <ClCompile Include="Framework\Scene.cpp">
      <Filter>Framework</Filter>
    </ClCompile>
    <ClCompile Include="Framework\SceneMgr.cpp">
      <Filter>Framework</Filter>
    </ClCompile>
    <ClCompile Include="Framework\SoundMgr.cpp">
      <Filter>Framework</Filter>
    </ClCompile>
    <ClCompile Include="Framework\SpriteGo.cpp">
      <Filter>Framework</Filter>
    </ClCompile>
    <ClCompile Include="Tilemap.cpp">
      <Filter>소스 파일</Filter>
    </ClCompile>
    <ClCompile Include="Framework\SceneDev2.cpp">
      <Filter>Framework</Filter>
    </ClCompile>
    <ClCompile Include="Tank.cpp">
      <Filter>소스 파일</Filter>
    </ClCompile>
    <ClCompile Include="Enemy.cpp">
      <Filter>소스 파일</Filter>
    </ClCompile>
    <ClCompile Include="Bullet.cpp">
      <Filter>소스 파일</Filter>
    </ClCompile>
    <ClCompile Include="Framework\SceneDev1.cpp">
      <Filter>Framework</Filter>
    </ClCompile>
    <ClCompile Include="UiHud.cpp">
      <Filter>소스 파일</Filter>
    </ClCompile>
    <ClCompile Include="Button.cpp">
      <Filter>소스 파일</Filter>
    </ClCompile>
    <ClCompile Include="Animator.cpp">
      <Filter>소스 파일</Filter>
    </ClCompile>
    <ClCompile Include="AnimationClip.cpp">
      <Filter>소스 파일</Filter>
    </ClCompile>
    <ClCompile Include="EnemyDie.cpp">
      <Filter>소스 파일</Filter>
    </ClCompile>
    <ClCompile Include="SceneStart.cpp">
      <Filter>Framework</Filter>
    </ClCompile>
    <ClCompile Include="UiStart.cpp">
      <Filter>소스 파일</Filter>
    </ClCompile>
    <ClCompile Include="UiEnd.cpp">
      <Filter>소스 파일</Filter>
    </ClCompile>
    <ClCompile Include="UiBackGround.cpp">
      <Filter>소스 파일</Filter>
    </ClCompile>
    <ClCompile Include="BossEnemy.cpp">
      <Filter>소스 파일</Filter>
    </ClCompile>
  </ItemGroup>
</Project>